
Microsoft Visual Studio Solution File, Format Version 12.00
# Visual Studio Version 16
VisualStudioVersion = 16.0.29806.167
MinimumVisualStudioVersion = 10.0.40219.1
Project("{F184B08F-C81C-45F6-A57F-5ABD9991F28F}") = "Inject", "Inject\Inject.vbproj", "{0B9090E9-CEF0-4976-B6E2-1F93D34E78EF}"
EndProject
Project("{8BC9CEB8-8B4A-11D0-8D11-00A0C91BC942}") = "UnmanagedDll", "UnmanagedDll\UnmanagedDll.vcxproj", "{158D626C-3FFB-4167-9938-D0035C27E796}"
EndProject
Project("{F184B08F-C81C-45F6-A57F-5ABD9991F28F}") = "ManagedDll", "ManagedDll\ManagedDll.vbproj", "{211C8DEE-D558-4AD8-AA14-91FCFFC1D22B}"
EndProject
Global
	GlobalSection(SolutionConfigurationPlatforms) = preSolution
		Debug|Any CPU = Debug|Any CPU
		Debug|Win32 = Debug|Win32
		Debug|x64 = Debug|x64
		Debug|x86 = Debug|x86
		Release|Any CPU = Release|Any CPU
		Release|Win32 = Release|Win32
		Release|x64 = Release|x64
		Release|x86 = Release|x86
	EndGlobalSection
	GlobalSection(ProjectConfigurationPlatforms) = postSolution
		{0B9090E9-CEF0-4976-B6E2-1F93D34E78EF}.Debug|Any CPU.ActiveCfg = Debug|Any CPU
		{0B9090E9-CEF0-4976-B6E2-1F93D34E78EF}.Debug|Any CPU.Build.0 = Debug|Any CPU
		{0B9090E9-CEF0-4976-B6E2-1F93D34E78EF}.Debug|Win32.ActiveCfg = Debug|Any CPU
		{0B9090E9-CEF0-4976-B6E2-1F93D34E78EF}.Debug|Win32.Build.0 = Debug|Any CPU
		{0B9090E9-CEF0-4976-B6E2-1F93D34E78EF}.Debug|x64.ActiveCfg = Debug|Any CPU
		{0B9090E9-CEF0-4976-B6E2-1F93D34E78EF}.Debug|x64.Build.0 = Debug|Any CPU
		{0B9090E9-CEF0-4976-B6E2-1F93D34E78EF}.Debug|x86.ActiveCfg = Debug|Any CPU
		{0B9090E9-CEF0-4976-B6E2-1F93D34E78EF}.Debug|x86.Build.0 = Debug|Any CPU
		{0B9090E9-CEF0-4976-B6E2-1F93D34E78EF}.Release|Any CPU.ActiveCfg = Release|Any CPU
		{0B9090E9-CEF0-4976-B6E2-1F93D34E78EF}.Release|Any CPU.Build.0 = Release|Any CPU
		{0B9090E9-CEF0-4976-B6E2-1F93D34E78EF}.Release|Win32.ActiveCfg = Release|Any CPU
		{0B9090E9-CEF0-4976-B6E2-1F93D34E78EF}.Release|Win32.Build.0 = Release|Any CPU
		{0B9090E9-CEF0-4976-B6E2-1F93D34E78EF}.Release|x64.ActiveCfg = Release|Any CPU
		{0B9090E9-CEF0-4976-B6E2-1F93D34E78EF}.Release|x64.Build.0 = Release|Any CPU
		{0B9090E9-CEF0-4976-B6E2-1F93D34E78EF}.Release|x86.ActiveCfg = Release|Any CPU
		{0B9090E9-CEF0-4976-B6E2-1F93D34E78EF}.Release|x86.Build.0 = Release|Any CPU
		{158D626C-3FFB-4167-9938-D0035C27E796}.Debug|Any CPU.ActiveCfg = Debug|Win32
		{158D626C-3FFB-4167-9938-D0035C27E796}.Debug|Win32.ActiveCfg = Debug|Win32
		{158D626C-3FFB-4167-9938-D0035C27E796}.Debug|Win32.Build.0 = Debug|Win32
		{158D626C-3FFB-4167-9938-D0035C27E796}.Debug|x64.ActiveCfg = Debug|x64
		{158D626C-3FFB-4167-9938-D0035C27E796}.Debug|x64.Build.0 = Debug|x64
		{158D626C-3FFB-4167-9938-D0035C27E796}.Debug|x86.ActiveCfg = Debug|Win32
		{158D626C-3FFB-4167-9938-D0035C27E796}.Debug|x86.Build.0 = Debug|Win32
		{158D626C-3FFB-4167-9938-D0035C27E796}.Release|Any CPU.ActiveCfg = Release|Win32
		{158D626C-3FFB-4167-9938-D0035C27E796}.Release|Win32.ActiveCfg = Release|Win32
		{158D626C-3FFB-4167-9938-D0035C27E796}.Release|Win32.Build.0 = Release|Win32
		{158D626C-3FFB-4167-9938-D0035C27E796}.Release|x64.ActiveCfg = Release|x64
		{158D626C-3FFB-4167-9938-D0035C27E796}.Release|x64.Build.0 = Release|x64
		{158D626C-3FFB-4167-9938-D0035C27E796}.Release|x86.ActiveCfg = Release|Win32
		{158D626C-3FFB-4167-9938-D0035C27E796}.Release|x86.Build.0 = Release|Win32
		{211C8DEE-D558-4AD8-AA14-91FCFFC1D22B}.Debug|Any CPU.ActiveCfg = Debug|Any CPU
		{211C8DEE-D558-4AD8-AA14-91FCFFC1D22B}.Debug|Any CPU.Build.0 = Debug|Any CPU
		{211C8DEE-D558-4AD8-AA14-91FCFFC1D22B}.Debug|Win32.ActiveCfg = Debug|Any CPU
		{211C8DEE-D558-4AD8-AA14-91FCFFC1D22B}.Debug|Win32.Build.0 = Debug|Any CPU
		{211C8DEE-D558-4AD8-AA14-91FCFFC1D22B}.Debug|x64.ActiveCfg = Debug|Any CPU
		{211C8DEE-D558-4AD8-AA14-91FCFFC1D22B}.Debug|x64.Build.0 = Debug|Any CPU
		{211C8DEE-D558-4AD8-AA14-91FCFFC1D22B}.Debug|x86.ActiveCfg = Debug|Any CPU
		{211C8DEE-D558-4AD8-AA14-91FCFFC1D22B}.Debug|x86.Build.0 = Debug|Any CPU
		{211C8DEE-D558-4AD8-AA14-91FCFFC1D22B}.Release|Any CPU.ActiveCfg = Release|Any CPU
		{211C8DEE-D558-4AD8-AA14-91FCFFC1D22B}.Release|Any CPU.Build.0 = Release|Any CPU
		{211C8DEE-D558-4AD8-AA14-91FCFFC1D22B}.Release|Win32.ActiveCfg = Release|Any CPU
		{211C8DEE-D558-4AD8-AA14-91FCFFC1D22B}.Release|Win32.Build.0 = Release|Any CPU
		{211C8DEE-D558-4AD8-AA14-91FCFFC1D22B}.Release|x64.ActiveCfg = Release|Any CPU
		{211C8DEE-D558-4AD8-AA14-91FCFFC1D22B}.Release|x64.Build.0 = Release|Any CPU
		{211C8DEE-D558-4AD8-AA14-91FCFFC1D22B}.Release|x86.ActiveCfg = Release|Any CPU
		{211C8DEE-D558-4AD8-AA14-91FCFFC1D22B}.Release|x86.Build.0 = Release|Any CPU
	EndGlobalSection
	GlobalSection(SolutionProperties) = preSolution
		HideSolutionNode = FALSE
	EndGlobalSection
	GlobalSection(ExtensibilityGlobals) = postSolution
		SolutionGuid = {C73FDFD7-9BAD-4481-BF3E-7AAB2C89EA22}
	EndGlobalSection
EndGlobal
